// !$*UTF8*$!
{
	archiveVersion = 1;
	classes = {
	};
	objectVersion = 56;
	objects = {

/* Begin PBXBuildFile section */
		9B28283F2C4BA58A00563B5A /* ForgotPasswordView.swift in Sources */ = {isa = PBXBuildFile; fileRef = 9B28283E2C4BA58A00563B5A /* ForgotPasswordView.swift */; };
		9B2828412C4BA59E00563B5A /* RegisterView.swift in Sources */ = {isa = PBXBuildFile; fileRef = 9B2828402C4BA59E00563B5A /* RegisterView.swift */; };
		9B2828432C4BA5B600563B5A /* CategoryView.swift in Sources */ = {isa = PBXBuildFile; fileRef = 9B2828422C4BA5B600563B5A /* CategoryView.swift */; };
		9B2828452C4BA5D000563B5A /* CategoryCell.swift in Sources */ = {isa = PBXBuildFile; fileRef = 9B2828442C4BA5D000563B5A /* CategoryCell.swift */; };
		9B2828472C4BA5E600563B5A /* DetailCategoryView.swift in Sources */ = {isa = PBXBuildFile; fileRef = 9B2828462C4BA5E600563B5A /* DetailCategoryView.swift */; };
		9B2828492C4BA5F800563B5A /* DetailCategoryCell.swift in Sources */ = {isa = PBXBuildFile; fileRef = 9B2828482C4BA5F800563B5A /* DetailCategoryCell.swift */; };
		9B28284B2C4BA61200563B5A /* AddCategoryView.swift in Sources */ = {isa = PBXBuildFile; fileRef = 9B28284A2C4BA61200563B5A /* AddCategoryView.swift */; };
		9B28284D2C4BA62700563B5A /* AddTodoView.swift in Sources */ = {isa = PBXBuildFile; fileRef = 9B28284C2C4BA62700563B5A /* AddTodoView.swift */; };
		9B28284F2C4BA65D00563B5A /* RegisterViewController.swift in Sources */ = {isa = PBXBuildFile; fileRef = 9B28284E2C4BA65D00563B5A /* RegisterViewController.swift */; };
		9B2828512C4BA67200563B5A /* CategoryViewController.swift in Sources */ = {isa = PBXBuildFile; fileRef = 9B2828502C4BA67200563B5A /* CategoryViewController.swift */; };
		9B2828532C4BA68800563B5A /* ForgotPasswordViewController.swift in Sources */ = {isa = PBXBuildFile; fileRef = 9B2828522C4BA68800563B5A /* ForgotPasswordViewController.swift */; };
		9B2828552C4BA6A300563B5A /* AddCategoryViewController.swift in Sources */ = {isa = PBXBuildFile; fileRef = 9B2828542C4BA6A300563B5A /* AddCategoryViewController.swift */; };
		9B2828572C4BA70200563B5A /* DetailCategoryViewController.swift in Sources */ = {isa = PBXBuildFile; fileRef = 9B2828562C4BA70200563B5A /* DetailCategoryViewController.swift */; };
		9B2828592C4BA71900563B5A /* AddTodoViewController.swift in Sources */ = {isa = PBXBuildFile; fileRef = 9B2828582C4BA71900563B5A /* AddTodoViewController.swift */; };
		9B28285C2C4BA73D00563B5A /* HTTPMethod.swift in Sources */ = {isa = PBXBuildFile; fileRef = 9B28285B2C4BA73D00563B5A /* HTTPMethod.swift */; };
		9B28285F2C4BA77200563B5A /* APIEndpointProtocol.swift in Sources */ = {isa = PBXBuildFile; fileRef = 9B28285E2C4BA77200563B5A /* APIEndpointProtocol.swift */; };
		9B2828612C4BA78F00563B5A /* NetworkServiceProtocol.swift in Sources */ = {isa = PBXBuildFile; fileRef = 9B2828602C4BA78F00563B5A /* NetworkServiceProtocol.swift */; };
		9B2828642C4BA7B800563B5A /* LoginData.swift in Sources */ = {isa = PBXBuildFile; fileRef = 9B2828632C4BA7B800563B5A /* LoginData.swift */; };
		9B2828662C4BA7EA00563B5A /* LoginResponse.swift in Sources */ = {isa = PBXBuildFile; fileRef = 9B2828652C4BA7EA00563B5A /* LoginResponse.swift */; };
		9B2828682C4BA80A00563B5A /* RegisterData.swift in Sources */ = {isa = PBXBuildFile; fileRef = 9B2828672C4BA80A00563B5A /* RegisterData.swift */; };
		9B28286A2C4BA83500563B5A /* CategoryData.swift in Sources */ = {isa = PBXBuildFile; fileRef = 9B2828692C4BA83500563B5A /* CategoryData.swift */; };
		9B28286C2C4BA84D00563B5A /* AddCategoryData.swift in Sources */ = {isa = PBXBuildFile; fileRef = 9B28286B2C4BA84D00563B5A /* AddCategoryData.swift */; };
		9B28286E2C4BA86600563B5A /* TodoData.swift in Sources */ = {isa = PBXBuildFile; fileRef = 9B28286D2C4BA86600563B5A /* TodoData.swift */; };
		9B2828702C4BA88300563B5A /* AddTodoData.swift in Sources */ = {isa = PBXBuildFile; fileRef = 9B28286F2C4BA88300563B5A /* AddTodoData.swift */; };
		9B2828722C4BA8A900563B5A /* NetworkService.swift in Sources */ = {isa = PBXBuildFile; fileRef = 9B2828712C4BA8A900563B5A /* NetworkService.swift */; };
		9B2828742C4BA8D400563B5A /* APIEndpoint.swift in Sources */ = {isa = PBXBuildFile; fileRef = 9B2828732C4BA8D400563B5A /* APIEndpoint.swift */; };
		9B2828762C4BA8EE00563B5A /* NetworkError.swift in Sources */ = {isa = PBXBuildFile; fileRef = 9B2828752C4BA8EE00563B5A /* NetworkError.swift */; };
		9B2828782C4BA91A00563B5A /* AddCategoryDelegate.swift in Sources */ = {isa = PBXBuildFile; fileRef = 9B2828772C4BA91A00563B5A /* AddCategoryDelegate.swift */; };
		9B28287A2C4BA93000563B5A /* AddTodoViewControllerDelegate.swift in Sources */ = {isa = PBXBuildFile; fileRef = 9B2828792C4BA93000563B5A /* AddTodoViewControllerDelegate.swift */; };
		9B28287C2C4BA95700563B5A /* Color+.swift in Sources */ = {isa = PBXBuildFile; fileRef = 9B28287B2C4BA95700563B5A /* Color+.swift */; };
		9B28287E2C4BA98500563B5A /* String+.swift in Sources */ = {isa = PBXBuildFile; fileRef = 9B28287D2C4BA98500563B5A /* String+.swift */; };
		9B2828802C4BA9FA00563B5A /* IconName.swift in Sources */ = {isa = PBXBuildFile; fileRef = 9B28287F2C4BA9FA00563B5A /* IconName.swift */; };
		9B2828822C4BAA0D00563B5A /* ColorName.swift in Sources */ = {isa = PBXBuildFile; fileRef = 9B2828812C4BAA0D00563B5A /* ColorName.swift */; };
		9B2828842C4BAB6B00563B5A /* CalendarView.swift in Sources */ = {isa = PBXBuildFile; fileRef = 9B2828832C4BAB6B00563B5A /* CalendarView.swift */; };
		9B55BF402C38C5F8007FFA89 /* AppDelegate.swift in Sources */ = {isa = PBXBuildFile; fileRef = 9B55BF3F2C38C5F8007FFA89 /* AppDelegate.swift */; };
		9B55BF422C38C5F8007FFA89 /* SceneDelegate.swift in Sources */ = {isa = PBXBuildFile; fileRef = 9B55BF412C38C5F8007FFA89 /* SceneDelegate.swift */; };
		9B55BF442C38C5F8007FFA89 /* LoginViewController.swift in Sources */ = {isa = PBXBuildFile; fileRef = 9B55BF432C38C5F8007FFA89 /* LoginViewController.swift */; };
		9B55BF492C38C5F9007FFA89 /* Assets.xcassets in Resources */ = {isa = PBXBuildFile; fileRef = 9B55BF482C38C5F9007FFA89 /* Assets.xcassets */; };
		9B55BF4C2C38C5F9007FFA89 /* Base in Resources */ = {isa = PBXBuildFile; fileRef = 9B55BF4B2C38C5F9007FFA89 /* Base */; };
		9B55BF5D2C38C913007FFA89 /* LoginView.swift in Sources */ = {isa = PBXBuildFile; fileRef = 9B55BF5C2C38C913007FFA89 /* LoginView.swift */; };
		9B55BF5F2C38C94E007FFA89 /* TextFieldUnderline.swift in Sources */ = {isa = PBXBuildFile; fileRef = 9B55BF5E2C38C94E007FFA89 /* TextFieldUnderline.swift */; };
		9B55BF612C38C9E2007FFA89 /* CustomButton.swift in Sources */ = {isa = PBXBuildFile; fileRef = 9B55BF602C38C9E2007FFA89 /* CustomButton.swift */; };
/* End PBXBuildFile section */

/* Begin PBXFileReference section */
		9B28283E2C4BA58A00563B5A /* ForgotPasswordView.swift */ = {isa = PBXFileReference; lastKnownFileType = sourcecode.swift; path = ForgotPasswordView.swift; sourceTree = "<group>"; };
		9B2828402C4BA59E00563B5A /* RegisterView.swift */ = {isa = PBXFileReference; lastKnownFileType = sourcecode.swift; path = RegisterView.swift; sourceTree = "<group>"; };
		9B2828422C4BA5B600563B5A /* CategoryView.swift */ = {isa = PBXFileReference; lastKnownFileType = sourcecode.swift; path = CategoryView.swift; sourceTree = "<group>"; };
		9B2828442C4BA5D000563B5A /* CategoryCell.swift */ = {isa = PBXFileReference; lastKnownFileType = sourcecode.swift; path = CategoryCell.swift; sourceTree = "<group>"; };
		9B2828462C4BA5E600563B5A /* DetailCategoryView.swift */ = {isa = PBXFileReference; lastKnownFileType = sourcecode.swift; path = DetailCategoryView.swift; sourceTree = "<group>"; };
		9B2828482C4BA5F800563B5A /* DetailCategoryCell.swift */ = {isa = PBXFileReference; lastKnownFileType = sourcecode.swift; path = DetailCategoryCell.swift; sourceTree = "<group>"; };
		9B28284A2C4BA61200563B5A /* AddCategoryView.swift */ = {isa = PBXFileReference; lastKnownFileType = sourcecode.swift; path = AddCategoryView.swift; sourceTree = "<group>"; };
		9B28284C2C4BA62700563B5A /* AddTodoView.swift */ = {isa = PBXFileReference; lastKnownFileType = sourcecode.swift; path = AddTodoView.swift; sourceTree = "<group>"; };
		9B28284E2C4BA65D00563B5A /* RegisterViewController.swift */ = {isa = PBXFileReference; lastKnownFileType = sourcecode.swift; path = RegisterViewController.swift; sourceTree = "<group>"; };
		9B2828502C4BA67200563B5A /* CategoryViewController.swift */ = {isa = PBXFileReference; lastKnownFileType = sourcecode.swift; path = CategoryViewController.swift; sourceTree = "<group>"; };
		9B2828522C4BA68800563B5A /* ForgotPasswordViewController.swift */ = {isa = PBXFileReference; lastKnownFileType = sourcecode.swift; path = ForgotPasswordViewController.swift; sourceTree = "<group>"; };
		9B2828542C4BA6A300563B5A /* AddCategoryViewController.swift */ = {isa = PBXFileReference; lastKnownFileType = sourcecode.swift; path = AddCategoryViewController.swift; sourceTree = "<group>"; };
		9B2828562C4BA70200563B5A /* DetailCategoryViewController.swift */ = {isa = PBXFileReference; lastKnownFileType = sourcecode.swift; path = DetailCategoryViewController.swift; sourceTree = "<group>"; };
		9B2828582C4BA71900563B5A /* AddTodoViewController.swift */ = {isa = PBXFileReference; lastKnownFileType = sourcecode.swift; path = AddTodoViewController.swift; sourceTree = "<group>"; };
		9B28285B2C4BA73D00563B5A /* HTTPMethod.swift */ = {isa = PBXFileReference; lastKnownFileType = sourcecode.swift; path = HTTPMethod.swift; sourceTree = "<group>"; };
		9B28285E2C4BA77200563B5A /* APIEndpointProtocol.swift */ = {isa = PBXFileReference; lastKnownFileType = sourcecode.swift; path = APIEndpointProtocol.swift; sourceTree = "<group>"; };
		9B2828602C4BA78F00563B5A /* NetworkServiceProtocol.swift */ = {isa = PBXFileReference; lastKnownFileType = sourcecode.swift; path = NetworkServiceProtocol.swift; sourceTree = "<group>"; };
		9B2828632C4BA7B800563B5A /* LoginData.swift */ = {isa = PBXFileReference; lastKnownFileType = sourcecode.swift; path = LoginData.swift; sourceTree = "<group>"; };
		9B2828652C4BA7EA00563B5A /* LoginResponse.swift */ = {isa = PBXFileReference; lastKnownFileType = sourcecode.swift; path = LoginResponse.swift; sourceTree = "<group>"; };
		9B2828672C4BA80A00563B5A /* RegisterData.swift */ = {isa = PBXFileReference; lastKnownFileType = sourcecode.swift; path = RegisterData.swift; sourceTree = "<group>"; };
		9B2828692C4BA83500563B5A /* CategoryData.swift */ = {isa = PBXFileReference; lastKnownFileType = sourcecode.swift; path = CategoryData.swift; sourceTree = "<group>"; };
		9B28286B2C4BA84D00563B5A /* AddCategoryData.swift */ = {isa = PBXFileReference; lastKnownFileType = sourcecode.swift; path = AddCategoryData.swift; sourceTree = "<group>"; };
		9B28286D2C4BA86600563B5A /* TodoData.swift */ = {isa = PBXFileReference; lastKnownFileType = sourcecode.swift; path = TodoData.swift; sourceTree = "<group>"; };
		9B28286F2C4BA88300563B5A /* AddTodoData.swift */ = {isa = PBXFileReference; lastKnownFileType = sourcecode.swift; path = AddTodoData.swift; sourceTree = "<group>"; };
		9B2828712C4BA8A900563B5A /* NetworkService.swift */ = {isa = PBXFileReference; lastKnownFileType = sourcecode.swift; path = NetworkService.swift; sourceTree = "<group>"; };
		9B2828732C4BA8D400563B5A /* APIEndpoint.swift */ = {isa = PBXFileReference; lastKnownFileType = sourcecode.swift; path = APIEndpoint.swift; sourceTree = "<group>"; };
		9B2828752C4BA8EE00563B5A /* NetworkError.swift */ = {isa = PBXFileReference; lastKnownFileType = sourcecode.swift; path = NetworkError.swift; sourceTree = "<group>"; };
		9B2828772C4BA91A00563B5A /* AddCategoryDelegate.swift */ = {isa = PBXFileReference; lastKnownFileType = sourcecode.swift; path = AddCategoryDelegate.swift; sourceTree = "<group>"; };
		9B2828792C4BA93000563B5A /* AddTodoViewControllerDelegate.swift */ = {isa = PBXFileReference; lastKnownFileType = sourcecode.swift; path = AddTodoViewControllerDelegate.swift; sourceTree = "<group>"; };
		9B28287B2C4BA95700563B5A /* Color+.swift */ = {isa = PBXFileReference; lastKnownFileType = sourcecode.swift; path = "Color+.swift"; sourceTree = "<group>"; };
		9B28287D2C4BA98500563B5A /* String+.swift */ = {isa = PBXFileReference; lastKnownFileType = sourcecode.swift; path = "String+.swift"; sourceTree = "<group>"; };
		9B28287F2C4BA9FA00563B5A /* IconName.swift */ = {isa = PBXFileReference; lastKnownFileType = sourcecode.swift; path = IconName.swift; sourceTree = "<group>"; };
		9B2828812C4BAA0D00563B5A /* ColorName.swift */ = {isa = PBXFileReference; lastKnownFileType = sourcecode.swift; path = ColorName.swift; sourceTree = "<group>"; };
		9B2828832C4BAB6B00563B5A /* CalendarView.swift */ = {isa = PBXFileReference; lastKnownFileType = sourcecode.swift; path = CalendarView.swift; sourceTree = "<group>"; };
		9B55BF3C2C38C5F8007FFA89 /* DailyList.app */ = {isa = PBXFileReference; explicitFileType = wrapper.application; includeInIndex = 0; path = DailyList.app; sourceTree = BUILT_PRODUCTS_DIR; };
		9B55BF3F2C38C5F8007FFA89 /* AppDelegate.swift */ = {isa = PBXFileReference; lastKnownFileType = sourcecode.swift; path = AppDelegate.swift; sourceTree = "<group>"; };
		9B55BF412C38C5F8007FFA89 /* SceneDelegate.swift */ = {isa = PBXFileReference; lastKnownFileType = sourcecode.swift; path = SceneDelegate.swift; sourceTree = "<group>"; };
		9B55BF432C38C5F8007FFA89 /* LoginViewController.swift */ = {isa = PBXFileReference; lastKnownFileType = sourcecode.swift; path = LoginViewController.swift; sourceTree = "<group>"; };
		9B55BF482C38C5F9007FFA89 /* Assets.xcassets */ = {isa = PBXFileReference; lastKnownFileType = folder.assetcatalog; path = Assets.xcassets; sourceTree = "<group>"; };
		9B55BF4B2C38C5F9007FFA89 /* Base */ = {isa = PBXFileReference; lastKnownFileType = file.storyboard; name = Base; path = Base.lproj/LaunchScreen.storyboard; sourceTree = "<group>"; };
		9B55BF4D2C38C5F9007FFA89 /* Info.plist */ = {isa = PBXFileReference; lastKnownFileType = text.plist.xml; path = Info.plist; sourceTree = "<group>"; };
		9B55BF5C2C38C913007FFA89 /* LoginView.swift */ = {isa = PBXFileReference; lastKnownFileType = sourcecode.swift; path = LoginView.swift; sourceTree = "<group>"; };
		9B55BF5E2C38C94E007FFA89 /* TextFieldUnderline.swift */ = {isa = PBXFileReference; lastKnownFileType = sourcecode.swift; path = TextFieldUnderline.swift; sourceTree = "<group>"; };
		9B55BF602C38C9E2007FFA89 /* CustomButton.swift */ = {isa = PBXFileReference; lastKnownFileType = sourcecode.swift; path = CustomButton.swift; sourceTree = "<group>"; };
/* End PBXFileReference section */

/* Begin PBXFrameworksBuildPhase section */
		9B55BF392C38C5F8007FFA89 /* Frameworks */ = {
			isa = PBXFrameworksBuildPhase;
			buildActionMask = 2147483647;
			files = (
			);
			runOnlyForDeploymentPostprocessing = 0;
		};
/* End PBXFrameworksBuildPhase section */

/* Begin PBXGroup section */
		9B28285A2C4BA72D00563B5A /* Enum */ = {
			isa = PBXGroup;
			children = (
				9B28285B2C4BA73D00563B5A /* HTTPMethod.swift */,
				9B2828752C4BA8EE00563B5A /* NetworkError.swift */,
			);
			path = Enum;
			sourceTree = "<group>";
		};
		9B28285D2C4BA75900563B5A /* Protocol */ = {
			isa = PBXGroup;
			children = (
				9B28285E2C4BA77200563B5A /* APIEndpointProtocol.swift */,
				9B2828602C4BA78F00563B5A /* NetworkServiceProtocol.swift */,
			);
			path = Protocol;
			sourceTree = "<group>";
		};
		9B2828622C4BA7A100563B5A /* NetworkModel */ = {
			isa = PBXGroup;
			children = (
				9B2828632C4BA7B800563B5A /* LoginData.swift */,
				9B2828652C4BA7EA00563B5A /* LoginResponse.swift */,
				9B2828672C4BA80A00563B5A /* RegisterData.swift */,
				9B2828692C4BA83500563B5A /* CategoryData.swift */,
				9B28286B2C4BA84D00563B5A /* AddCategoryData.swift */,
				9B28286D2C4BA86600563B5A /* TodoData.swift */,
				9B28286F2C4BA88300563B5A /* AddTodoData.swift */,
			);
			path = NetworkModel;
			sourceTree = "<group>";
		};
		9B55BF332C38C5F7007FFA89 = {
			isa = PBXGroup;
			children = (
				9B55BF3E2C38C5F8007FFA89 /* DailyList */,
				9B55BF3D2C38C5F8007FFA89 /* Products */,
			);
			sourceTree = "<group>";
		};
		9B55BF3D2C38C5F8007FFA89 /* Products */ = {
			isa = PBXGroup;
			children = (
				9B55BF3C2C38C5F8007FFA89 /* DailyList.app */,
			);
			name = Products;
			sourceTree = "<group>";
		};
		9B55BF3E2C38C5F8007FFA89 /* DailyList */ = {
			isa = PBXGroup;
			children = (
				9B55BF5A2C38C6C9007FFA89 /* App */,
				9B55BF592C38C6C3007FFA89 /* Enum */,
				9B55BF582C38C6BA007FFA89 /* Extension */,
				9B55BF572C38C6B2007FFA89 /* Protocol */,
				9B55BF562C38C684007FFA89 /* Model */,
				9B55BF552C38C680007FFA89 /* View */,
				9B55BF542C38C672007FFA89 /* Controller */,
				9B55BF532C38C662007FFA89 /* Network */,
				9B55BF4D2C38C5F9007FFA89 /* Info.plist */,
			);
			path = DailyList;
			sourceTree = "<group>";
		};
		9B55BF532C38C662007FFA89 /* Network */ = {
			isa = PBXGroup;
			children = (
				9B28285A2C4BA72D00563B5A /* Enum */,
				9B28285D2C4BA75900563B5A /* Protocol */,
				9B2828622C4BA7A100563B5A /* NetworkModel */,
				9B2828712C4BA8A900563B5A /* NetworkService.swift */,
				9B2828732C4BA8D400563B5A /* APIEndpoint.swift */,
			);
			path = Network;
			sourceTree = "<group>";
		};
		9B55BF542C38C672007FFA89 /* Controller */ = {
			isa = PBXGroup;
			children = (
				9B55BF432C38C5F8007FFA89 /* LoginViewController.swift */,
				9B28284E2C4BA65D00563B5A /* RegisterViewController.swift */,
				9B2828502C4BA67200563B5A /* CategoryViewController.swift */,
				9B2828522C4BA68800563B5A /* ForgotPasswordViewController.swift */,
				9B2828542C4BA6A300563B5A /* AddCategoryViewController.swift */,
				9B2828562C4BA70200563B5A /* DetailCategoryViewController.swift */,
				9B2828582C4BA71900563B5A /* AddTodoViewController.swift */,
			);
			path = Controller;
			sourceTree = "<group>";
		};
		9B55BF552C38C680007FFA89 /* View */ = {
			isa = PBXGroup;
			children = (
				9B55BF5B2C38C761007FFA89 /* Custom */,
				9B55BF5C2C38C913007FFA89 /* LoginView.swift */,
				9B28283E2C4BA58A00563B5A /* ForgotPasswordView.swift */,
				9B2828402C4BA59E00563B5A /* RegisterView.swift */,
				9B2828422C4BA5B600563B5A /* CategoryView.swift */,
				9B2828442C4BA5D000563B5A /* CategoryCell.swift */,
				9B2828462C4BA5E600563B5A /* DetailCategoryView.swift */,
				9B2828482C4BA5F800563B5A /* DetailCategoryCell.swift */,
				9B28284A2C4BA61200563B5A /* AddCategoryView.swift */,
				9B28284C2C4BA62700563B5A /* AddTodoView.swift */,
				9B2828832C4BAB6B00563B5A /* CalendarView.swift */,
			);
			path = View;
			sourceTree = "<group>";
		};
		9B55BF562C38C684007FFA89 /* Model */ = {
			isa = PBXGroup;
			children = (
			);
			path = Model;
			sourceTree = "<group>";
		};
		9B55BF572C38C6B2007FFA89 /* Protocol */ = {
			isa = PBXGroup;
			children = (
				9B2828772C4BA91A00563B5A /* AddCategoryDelegate.swift */,
				9B2828792C4BA93000563B5A /* AddTodoViewControllerDelegate.swift */,
			);
			path = Protocol;
			sourceTree = "<group>";
		};
		9B55BF582C38C6BA007FFA89 /* Extension */ = {
			isa = PBXGroup;
			children = (
				9B28287B2C4BA95700563B5A /* Color+.swift */,
				9B28287D2C4BA98500563B5A /* String+.swift */,
			);
			path = Extension;
			sourceTree = "<group>";
		};
		9B55BF592C38C6C3007FFA89 /* Enum */ = {
			isa = PBXGroup;
			children = (
				9B28287F2C4BA9FA00563B5A /* IconName.swift */,
				9B2828812C4BAA0D00563B5A /* ColorName.swift */,
			);
			path = Enum;
			sourceTree = "<group>";
		};
		9B55BF5A2C38C6C9007FFA89 /* App */ = {
			isa = PBXGroup;
			children = (
				9B55BF3F2C38C5F8007FFA89 /* AppDelegate.swift */,
				9B55BF412C38C5F8007FFA89 /* SceneDelegate.swift */,
				9B55BF482C38C5F9007FFA89 /* Assets.xcassets */,
				9B55BF4A2C38C5F9007FFA89 /* LaunchScreen.storyboard */,
			);
			path = App;
			sourceTree = "<group>";
		};
		9B55BF5B2C38C761007FFA89 /* Custom */ = {
			isa = PBXGroup;
			children = (
				9B55BF5E2C38C94E007FFA89 /* TextFieldUnderline.swift */,
				9B55BF602C38C9E2007FFA89 /* CustomButton.swift */,
			);
			path = Custom;
			sourceTree = "<group>";
		};
/* End PBXGroup section */

/* Begin PBXNativeTarget section */
		9B55BF3B2C38C5F8007FFA89 /* DailyList */ = {
			isa = PBXNativeTarget;
			buildConfigurationList = 9B55BF502C38C5F9007FFA89 /* Build configuration list for PBXNativeTarget "DailyList" */;
			buildPhases = (
				9B55BF382C38C5F8007FFA89 /* Sources */,
				9B55BF392C38C5F8007FFA89 /* Frameworks */,
				9B55BF3A2C38C5F8007FFA89 /* Resources */,
			);
			buildRules = (
			);
			dependencies = (
			);
			name = DailyList;
			productName = DailyList;
			productReference = 9B55BF3C2C38C5F8007FFA89 /* DailyList.app */;
			productType = "com.apple.product-type.application";
		};
/* End PBXNativeTarget section */

/* Begin PBXProject section */
		9B55BF342C38C5F7007FFA89 /* Project object */ = {
			isa = PBXProject;
			attributes = {
				BuildIndependentTargetsInParallel = 1;
				LastSwiftUpdateCheck = 1530;
				LastUpgradeCheck = 1530;
				TargetAttributes = {
					9B55BF3B2C38C5F8007FFA89 = {
						CreatedOnToolsVersion = 15.3;
					};
				};
			};
			buildConfigurationList = 9B55BF372C38C5F7007FFA89 /* Build configuration list for PBXProject "DailyList" */;
			compatibilityVersion = "Xcode 14.0";
			developmentRegion = en;
			hasScannedForEncodings = 0;
			knownRegions = (
				en,
				Base,
			);
			mainGroup = 9B55BF332C38C5F7007FFA89;
			productRefGroup = 9B55BF3D2C38C5F8007FFA89 /* Products */;
			projectDirPath = "";
			projectRoot = "";
			targets = (
				9B55BF3B2C38C5F8007FFA89 /* DailyList */,
			);
		};
/* End PBXProject section */

/* Begin PBXResourcesBuildPhase section */
		9B55BF3A2C38C5F8007FFA89 /* Resources */ = {
			isa = PBXResourcesBuildPhase;
			buildActionMask = 2147483647;
			files = (
				9B55BF492C38C5F9007FFA89 /* Assets.xcassets in Resources */,
				9B55BF4C2C38C5F9007FFA89 /* Base in Resources */,
			);
			runOnlyForDeploymentPostprocessing = 0;
		};
/* End PBXResourcesBuildPhase section */

/* Begin PBXSourcesBuildPhase section */
		9B55BF382C38C5F8007FFA89 /* Sources */ = {
			isa = PBXSourcesBuildPhase;
			buildActionMask = 2147483647;
			files = (
				9B55BF5F2C38C94E007FFA89 /* TextFieldUnderline.swift in Sources */,
				9B28283F2C4BA58A00563B5A /* ForgotPasswordView.swift in Sources */,
				9B28285C2C4BA73D00563B5A /* HTTPMethod.swift in Sources */,
				9B2828822C4BAA0D00563B5A /* ColorName.swift in Sources */,
				9B2828552C4BA6A300563B5A /* AddCategoryViewController.swift in Sources */,
				9B2828782C4BA91A00563B5A /* AddCategoryDelegate.swift in Sources */,
				9B28287E2C4BA98500563B5A /* String+.swift in Sources */,
				9B28284D2C4BA62700563B5A /* AddTodoView.swift in Sources */,
				9B2828642C4BA7B800563B5A /* LoginData.swift in Sources */,
				9B28285F2C4BA77200563B5A /* APIEndpointProtocol.swift in Sources */,
				9B2828842C4BAB6B00563B5A /* CalendarView.swift in Sources */,
				9B2828742C4BA8D400563B5A /* APIEndpoint.swift in Sources */,
				9B2828472C4BA5E600563B5A /* DetailCategoryView.swift in Sources */,
				9B2828762C4BA8EE00563B5A /* NetworkError.swift in Sources */,
				9B2828512C4BA67200563B5A /* CategoryViewController.swift in Sources */,
				9B28286E2C4BA86600563B5A /* TodoData.swift in Sources */,
				9B55BF442C38C5F8007FFA89 /* LoginViewController.swift in Sources */,
				9B28286A2C4BA83500563B5A /* CategoryData.swift in Sources */,
				9B2828492C4BA5F800563B5A /* DetailCategoryCell.swift in Sources */,
				9B2828612C4BA78F00563B5A /* NetworkServiceProtocol.swift in Sources */,
				9B28286C2C4BA84D00563B5A /* AddCategoryData.swift in Sources */,
				9B28284F2C4BA65D00563B5A /* RegisterViewController.swift in Sources */,
				9B28284B2C4BA61200563B5A /* AddCategoryView.swift in Sources */,
				9B2828662C4BA7EA00563B5A /* LoginResponse.swift in Sources */,
				9B55BF612C38C9E2007FFA89 /* CustomButton.swift in Sources */,
				9B55BF402C38C5F8007FFA89 /* AppDelegate.swift in Sources */,
				9B2828572C4BA70200563B5A /* DetailCategoryViewController.swift in Sources */,
				9B2828532C4BA68800563B5A /* ForgotPasswordViewController.swift in Sources */,
				9B2828412C4BA59E00563B5A /* RegisterView.swift in Sources */,
				9B55BF5D2C38C913007FFA89 /* LoginView.swift in Sources */,
				9B28287C2C4BA95700563B5A /* Color+.swift in Sources */,
				9B2828592C4BA71900563B5A /* AddTodoViewController.swift in Sources */,
				9B55BF422C38C5F8007FFA89 /* SceneDelegate.swift in Sources */,
				9B2828802C4BA9FA00563B5A /* IconName.swift in Sources */,
				9B2828432C4BA5B600563B5A /* CategoryView.swift in Sources */,
				9B2828682C4BA80A00563B5A /* RegisterData.swift in Sources */,
				9B2828722C4BA8A900563B5A /* NetworkService.swift in Sources */,
				9B2828452C4BA5D000563B5A /* CategoryCell.swift in Sources */,
				9B2828702C4BA88300563B5A /* AddTodoData.swift in Sources */,
				9B28287A2C4BA93000563B5A /* AddTodoViewControllerDelegate.swift in Sources */,
			);
			runOnlyForDeploymentPostprocessing = 0;
		};
/* End PBXSourcesBuildPhase section */

/* Begin PBXVariantGroup section */
		9B55BF4A2C38C5F9007FFA89 /* LaunchScreen.storyboard */ = {
			isa = PBXVariantGroup;
			children = (
				9B55BF4B2C38C5F9007FFA89 /* Base */,
			);
			name = LaunchScreen.storyboard;
			sourceTree = "<group>";
		};
/* End PBXVariantGroup section */

/* Begin XCBuildConfiguration section */
		9B55BF4E2C38C5F9007FFA89 /* Debug */ = {
			isa = XCBuildConfiguration;
			buildSettings = {
				ALWAYS_SEARCH_USER_PATHS = NO;
				ASSETCATALOG_COMPILER_GENERATE_SWIFT_ASSET_SYMBOL_EXTENSIONS = YES;
				CLANG_ANALYZER_NONNULL = YES;
				CLANG_ANALYZER_NUMBER_OBJECT_CONVERSION = YES_AGGRESSIVE;
				CLANG_CXX_LANGUAGE_STANDARD = "gnu++20";
				CLANG_ENABLE_MODULES = YES;
				CLANG_ENABLE_OBJC_ARC = YES;
				CLANG_ENABLE_OBJC_WEAK = YES;
				CLANG_WARN_BLOCK_CAPTURE_AUTORELEASING = YES;
				CLANG_WARN_BOOL_CONVERSION = YES;
				CLANG_WARN_COMMA = YES;
				CLANG_WARN_CONSTANT_CONVERSION = YES;
				CLANG_WARN_DEPRECATED_OBJC_IMPLEMENTATIONS = YES;
				CLANG_WARN_DIRECT_OBJC_ISA_USAGE = YES_ERROR;
				CLANG_WARN_DOCUMENTATION_COMMENTS = YES;
				CLANG_WARN_EMPTY_BODY = YES;
				CLANG_WARN_ENUM_CONVERSION = YES;
				CLANG_WARN_INFINITE_RECURSION = YES;
				CLANG_WARN_INT_CONVERSION = YES;
				CLANG_WARN_NON_LITERAL_NULL_CONVERSION = YES;
				CLANG_WARN_OBJC_IMPLICIT_RETAIN_SELF = YES;
				CLANG_WARN_OBJC_LITERAL_CONVERSION = YES;
				CLANG_WARN_OBJC_ROOT_CLASS = YES_ERROR;
				CLANG_WARN_QUOTED_INCLUDE_IN_FRAMEWORK_HEADER = YES;
				CLANG_WARN_RANGE_LOOP_ANALYSIS = YES;
				CLANG_WARN_STRICT_PROTOTYPES = YES;
				CLANG_WARN_SUSPICIOUS_MOVE = YES;
				CLANG_WARN_UNGUARDED_AVAILABILITY = YES_AGGRESSIVE;
				CLANG_WARN_UNREACHABLE_CODE = YES;
				CLANG_WARN__DUPLICATE_METHOD_MATCH = YES;
				COPY_PHASE_STRIP = NO;
				DEBUG_INFORMATION_FORMAT = dwarf;
				ENABLE_STRICT_OBJC_MSGSEND = YES;
				ENABLE_TESTABILITY = YES;
				ENABLE_USER_SCRIPT_SANDBOXING = YES;
				GCC_C_LANGUAGE_STANDARD = gnu17;
				GCC_DYNAMIC_NO_PIC = NO;
				GCC_NO_COMMON_BLOCKS = YES;
				GCC_OPTIMIZATION_LEVEL = 0;
				GCC_PREPROCESSOR_DEFINITIONS = (
					"DEBUG=1",
					"$(inherited)",
				);
				GCC_WARN_64_TO_32_BIT_CONVERSION = YES;
				GCC_WARN_ABOUT_RETURN_TYPE = YES_ERROR;
				GCC_WARN_UNDECLARED_SELECTOR = YES;
				GCC_WARN_UNINITIALIZED_AUTOS = YES_AGGRESSIVE;
				GCC_WARN_UNUSED_FUNCTION = YES;
				GCC_WARN_UNUSED_VARIABLE = YES;
				IPHONEOS_DEPLOYMENT_TARGET = 17.4;
				LOCALIZATION_PREFERS_STRING_CATALOGS = YES;
				MTL_ENABLE_DEBUG_INFO = INCLUDE_SOURCE;
				MTL_FAST_MATH = YES;
				ONLY_ACTIVE_ARCH = YES;
				SDKROOT = iphoneos;
				SWIFT_ACTIVE_COMPILATION_CONDITIONS = "DEBUG $(inherited)";
				SWIFT_OPTIMIZATION_LEVEL = "-Onone";
			};
			name = Debug;
		};
		9B55BF4F2C38C5F9007FFA89 /* Release */ = {
			isa = XCBuildConfiguration;
			buildSettings = {
				ALWAYS_SEARCH_USER_PATHS = NO;
				ASSETCATALOG_COMPILER_GENERATE_SWIFT_ASSET_SYMBOL_EXTENSIONS = YES;
				CLANG_ANALYZER_NONNULL = YES;
				CLANG_ANALYZER_NUMBER_OBJECT_CONVERSION = YES_AGGRESSIVE;
				CLANG_CXX_LANGUAGE_STANDARD = "gnu++20";
				CLANG_ENABLE_MODULES = YES;
				CLANG_ENABLE_OBJC_ARC = YES;
				CLANG_ENABLE_OBJC_WEAK = YES;
				CLANG_WARN_BLOCK_CAPTURE_AUTORELEASING = YES;
				CLANG_WARN_BOOL_CONVERSION = YES;
				CLANG_WARN_COMMA = YES;
				CLANG_WARN_CONSTANT_CONVERSION = YES;
				CLANG_WARN_DEPRECATED_OBJC_IMPLEMENTATIONS = YES;
				CLANG_WARN_DIRECT_OBJC_ISA_USAGE = YES_ERROR;
				CLANG_WARN_DOCUMENTATION_COMMENTS = YES;
				CLANG_WARN_EMPTY_BODY = YES;
				CLANG_WARN_ENUM_CONVERSION = YES;
				CLANG_WARN_INFINITE_RECURSION = YES;
				CLANG_WARN_INT_CONVERSION = YES;
				CLANG_WARN_NON_LITERAL_NULL_CONVERSION = YES;
				CLANG_WARN_OBJC_IMPLICIT_RETAIN_SELF = YES;
				CLANG_WARN_OBJC_LITERAL_CONVERSION = YES;
				CLANG_WARN_OBJC_ROOT_CLASS = YES_ERROR;
				CLANG_WARN_QUOTED_INCLUDE_IN_FRAMEWORK_HEADER = YES;
				CLANG_WARN_RANGE_LOOP_ANALYSIS = YES;
				CLANG_WARN_STRICT_PROTOTYPES = YES;
				CLANG_WARN_SUSPICIOUS_MOVE = YES;
				CLANG_WARN_UNGUARDED_AVAILABILITY = YES_AGGRESSIVE;
				CLANG_WARN_UNREACHABLE_CODE = YES;
				CLANG_WARN__DUPLICATE_METHOD_MATCH = YES;
				COPY_PHASE_STRIP = NO;
				DEBUG_INFORMATION_FORMAT = "dwarf-with-dsym";
				ENABLE_NS_ASSERTIONS = NO;
				ENABLE_STRICT_OBJC_MSGSEND = YES;
				ENABLE_USER_SCRIPT_SANDBOXING = YES;
				GCC_C_LANGUAGE_STANDARD = gnu17;
				GCC_NO_COMMON_BLOCKS = YES;
				GCC_WARN_64_TO_32_BIT_CONVERSION = YES;
				GCC_WARN_ABOUT_RETURN_TYPE = YES_ERROR;
				GCC_WARN_UNDECLARED_SELECTOR = YES;
				GCC_WARN_UNINITIALIZED_AUTOS = YES_AGGRESSIVE;
				GCC_WARN_UNUSED_FUNCTION = YES;
				GCC_WARN_UNUSED_VARIABLE = YES;
				IPHONEOS_DEPLOYMENT_TARGET = 17.4;
				LOCALIZATION_PREFERS_STRING_CATALOGS = YES;
				MTL_ENABLE_DEBUG_INFO = NO;
				MTL_FAST_MATH = YES;
				SDKROOT = iphoneos;
				SWIFT_COMPILATION_MODE = wholemodule;
				VALIDATE_PRODUCT = YES;
			};
			name = Release;
		};
		9B55BF512C38C5F9007FFA89 /* Debug */ = {
			isa = XCBuildConfiguration;
			buildSettings = {
				ASSETCATALOG_COMPILER_APPICON_NAME = AppIcon;
				ASSETCATALOG_COMPILER_GLOBAL_ACCENT_COLOR_NAME = AccentColor;
				CODE_SIGN_STYLE = Automatic;
				CURRENT_PROJECT_VERSION = 1;
				DEVELOPMENT_TEAM = 7VXN2294AY;
				GENERATE_INFOPLIST_FILE = YES;
				INFOPLIST_FILE = DailyList/Info.plist;
				INFOPLIST_KEY_UIApplicationSupportsIndirectInputEvents = YES;
				INFOPLIST_KEY_UILaunchStoryboardName = LaunchScreen;
				INFOPLIST_KEY_UISupportedInterfaceOrientations_iPad = "UIInterfaceOrientationPortrait UIInterfaceOrientationPortraitUpsideDown UIInterfaceOrientationLandscapeLeft UIInterfaceOrientationLandscapeRight";
				INFOPLIST_KEY_UISupportedInterfaceOrientations_iPhone = "UIInterfaceOrientationPortrait UIInterfaceOrientationLandscapeLeft UIInterfaceOrientationLandscapeRight";
				IPHONEOS_DEPLOYMENT_TARGET = 15.0;
				LD_RUNPATH_SEARCH_PATHS = (
					"$(inherited)",
					"@executable_path/Frameworks",
				);
				MARKETING_VERSION = 1.0;
				PRODUCT_BUNDLE_IDENTIFIER = com.swiftlec.DailyList;
				PRODUCT_NAME = "$(TARGET_NAME)";
				SUPPORTED_PLATFORMS = "iphoneos iphonesimulator";
				SUPPORTS_MACCATALYST = NO;
				SUPPORTS_MAC_DESIGNED_FOR_IPHONE_IPAD = NO;
				SUPPORTS_XR_DESIGNED_FOR_IPHONE_IPAD = NO;
				SWIFT_EMIT_LOC_STRINGS = YES;
				SWIFT_VERSION = 5.0;
				TARGETED_DEVICE_FAMILY = 1;
			};
			name = Debug;
		};
		9B55BF522C38C5F9007FFA89 /* Release */ = {
			isa = XCBuildConfiguration;
			buildSettings = {
				ASSETCATALOG_COMPILER_APPICON_NAME = AppIcon;
				ASSETCATALOG_COMPILER_GLOBAL_ACCENT_COLOR_NAME = AccentColor;
				CODE_SIGN_STYLE = Automatic;
				CURRENT_PROJECT_VERSION = 1;
				DEVELOPMENT_TEAM = 7VXN2294AY;
				GENERATE_INFOPLIST_FILE = YES;
				INFOPLIST_FILE = DailyList/Info.plist;
				INFOPLIST_KEY_UIApplicationSupportsIndirectInputEvents = YES;
				INFOPLIST_KEY_UILaunchStoryboardName = LaunchScreen;
				INFOPLIST_KEY_UISupportedInterfaceOrientations_iPad = "UIInterfaceOrientationPortrait UIInterfaceOrientationPortraitUpsideDown UIInterfaceOrientationLandscapeLeft UIInterfaceOrientationLandscapeRight";
				INFOPLIST_KEY_UISupportedInterfaceOrientations_iPhone = "UIInterfaceOrientationPortrait UIInterfaceOrientationLandscapeLeft UIInterfaceOrientationLandscapeRight";
				IPHONEOS_DEPLOYMENT_TARGET = 15.0;
				LD_RUNPATH_SEARCH_PATHS = (
					"$(inherited)",
					"@executable_path/Frameworks",
				);
				MARKETING_VERSION = 1.0;
				PRODUCT_BUNDLE_IDENTIFIER = com.swiftlec.DailyList;
				PRODUCT_NAME = "$(TARGET_NAME)";
				SUPPORTED_PLATFORMS = "iphoneos iphonesimulator";
				SUPPORTS_MACCATALYST = NO;
				SUPPORTS_MAC_DESIGNED_FOR_IPHONE_IPAD = NO;
				SUPPORTS_XR_DESIGNED_FOR_IPHONE_IPAD = NO;
				SWIFT_EMIT_LOC_STRINGS = YES;
				SWIFT_VERSION = 5.0;
				TARGETED_DEVICE_FAMILY = 1;
			};
			name = Release;
		};
/* End XCBuildConfiguration section */

/* Begin XCConfigurationList section */
		9B55BF372C38C5F7007FFA89 /* Build configuration list for PBXProject "DailyList" */ = {
			isa = XCConfigurationList;
			buildConfigurations = (
				9B55BF4E2C38C5F9007FFA89 /* Debug */,
				9B55BF4F2C38C5F9007FFA89 /* Release */,
			);
			defaultConfigurationIsVisible = 0;
			defaultConfigurationName = Release;
		};
		9B55BF502C38C5F9007FFA89 /* Build configuration list for PBXNativeTarget "DailyList" */ = {
			isa = XCConfigurationList;
			buildConfigurations = (
				9B55BF512C38C5F9007FFA89 /* Debug */,
				9B55BF522C38C5F9007FFA89 /* Release */,
			);
			defaultConfigurationIsVisible = 0;
			defaultConfigurationName = Release;
		};
/* End XCConfigurationList section */
	};
	rootObject = 9B55BF342C38C5F7007FFA89 /* Project object */;
}
